
Microsoft Visual Studio Solution File, Format Version 12.00
# Visual Studio 2012
Project("{FAE04EC0-301F-11D3-BF4B-00C04F79EFBC}") = "SimpleMethod", "SimpleMethod\SimpleMethod.csproj", "{2573CC21-9508-40A6-8216-29B24B9477DB}"
EndProject
Global
	GlobalSection(SolutionConfigurationPlatforms) = preSolution
		Debug|Any CPU = Debug|Any CPU
		Release|Any CPU = Release|Any CPU
	EndGlobalSection
	GlobalSection(ProjectConfigurationPlatforms) = postSolution
		{2573CC21-9508-40A6-8216-29B24B9477DB}.Debug|Any CPU.ActiveCfg = Debug|Any CPU
		{2573CC21-9508-40A6-8216-29B24B9477DB}.Debug|Any CPU.Build.0 = Debug|Any CPU
		{2573CC21-9508-40A6-8216-29B24B9477DB}.Release|Any CPU.ActiveCfg = Release|Any CPU
		{2573CC21-9508-40A6-8216-29B24B9477DB}.Release|Any CPU.Build.0 = Release|Any CPU
	EndGlobalSection
EndGlobal
